// !$*UTF8*$!
{
	archiveVersion = 1;
	classes = {
	};
	objectVersion = 46;
	objects = {

/* Begin PBXBuildFile section */
		5E6E862A0E49FF418E953698 /* Pods_VRDevChat.framework in Frameworks */ = {isa = PBXBuildFile; fileRef = AA704CA8D8CE17BF884A08EA /* Pods_VRDevChat.framework */; };
		6305DBF51D6C06000043F7EA /* AAPLPreviewView.m in Sources */ = {isa = PBXBuildFile; fileRef = 6305DBF21D6C06000043F7EA /* AAPLPreviewView.m */; };
		6305DBF61D6C06000043F7EA /* AAPLCameraViewController.m in Sources */ = {isa = PBXBuildFile; fileRef = 6305DBF41D6C06000043F7EA /* AAPLCameraViewController.m */; };
		634434081D6E1F0B000CE199 /* GoogleService-Info.plist in Resources */ = {isa = PBXBuildFile; fileRef = 634434071D6E1F0B000CE199 /* GoogleService-Info.plist */; };
		6344340B1D6E25B8000CE199 /* RoundTextField.swift in Sources */ = {isa = PBXBuildFile; fileRef = 6344340A1D6E25B8000CE199 /* RoundTextField.swift */; };
		6344340D1D6E29AB000CE199 /* RoundButton.swift in Sources */ = {isa = PBXBuildFile; fileRef = 6344340C1D6E29AB000CE199 /* RoundButton.swift */; };
		6344340F1D6E3088000CE199 /* LoginVC.swift in Sources */ = {isa = PBXBuildFile; fileRef = 6344340E1D6E3088000CE199 /* LoginVC.swift */; };
		634434121D6E339C000CE199 /* AuthService.swift in Sources */ = {isa = PBXBuildFile; fileRef = 634434111D6E339C000CE199 /* AuthService.swift */; };
		63FA55B21D6C033F0032D870 /* AppDelegate.swift in Sources */ = {isa = PBXBuildFile; fileRef = 63FA55B11D6C033F0032D870 /* AppDelegate.swift */; };
		63FA55B41D6C033F0032D870 /* CameraVC.swift in Sources */ = {isa = PBXBuildFile; fileRef = 63FA55B31D6C033F0032D870 /* CameraVC.swift */; };
		63FA55B71D6C033F0032D870 /* Main.storyboard in Resources */ = {isa = PBXBuildFile; fileRef = 63FA55B51D6C033F0032D870 /* Main.storyboard */; };
		63FA55B91D6C033F0032D870 /* Assets.xcassets in Resources */ = {isa = PBXBuildFile; fileRef = 63FA55B81D6C033F0032D870 /* Assets.xcassets */; };
		63FA55BC1D6C033F0032D870 /* LaunchScreen.storyboard in Resources */ = {isa = PBXBuildFile; fileRef = 63FA55BA1D6C033F0032D870 /* LaunchScreen.storyboard */; };
/* End PBXBuildFile section */

/* Begin PBXFileReference section */
		1A304CBE9756B74363AFAA57 /* Pods-VRDevChat.release.xcconfig */ = {isa = PBXFileReference; includeInIndex = 1; lastKnownFileType = text.xcconfig; name = "Pods-VRDevChat.release.xcconfig"; path = "Pods/Target Support Files/Pods-VRDevChat/Pods-VRDevChat.release.xcconfig"; sourceTree = "<group>"; };
		6305DBF01D6C06000043F7EA /* VRDevChat-Bridging-Header.h */ = {isa = PBXFileReference; lastKnownFileType = sourcecode.c.h; path = "VRDevChat-Bridging-Header.h"; sourceTree = "<group>"; };
		6305DBF11D6C06000043F7EA /* AAPLPreviewView.h */ = {isa = PBXFileReference; fileEncoding = 4; lastKnownFileType = sourcecode.c.h; path = AAPLPreviewView.h; sourceTree = "<group>"; };
		6305DBF21D6C06000043F7EA /* AAPLPreviewView.m */ = {isa = PBXFileReference; fileEncoding = 4; lastKnownFileType = sourcecode.c.objc; path = AAPLPreviewView.m; sourceTree = "<group>"; };
		6305DBF31D6C06000043F7EA /* AAPLCameraViewController.h */ = {isa = PBXFileReference; fileEncoding = 4; lastKnownFileType = sourcecode.c.h; path = AAPLCameraViewController.h; sourceTree = "<group>"; };
		6305DBF41D6C06000043F7EA /* AAPLCameraViewController.m */ = {isa = PBXFileReference; fileEncoding = 4; lastKnownFileType = sourcecode.c.objc; path = AAPLCameraViewController.m; sourceTree = "<group>"; };
		6305DBFC1D6C1C3D0043F7EA /* AAPLCameraVCDelegate.h */ = {isa = PBXFileReference; fileEncoding = 4; lastKnownFileType = sourcecode.c.h; path = AAPLCameraVCDelegate.h; sourceTree = "<group>"; };
		634434071D6E1F0B000CE199 /* GoogleService-Info.plist */ = {isa = PBXFileReference; fileEncoding = 4; lastKnownFileType = text.plist.xml; path = "GoogleService-Info.plist"; sourceTree = "<group>"; };
		6344340A1D6E25B8000CE199 /* RoundTextField.swift */ = {isa = PBXFileReference; fileEncoding = 4; lastKnownFileType = sourcecode.swift; path = RoundTextField.swift; sourceTree = "<group>"; };
		6344340C1D6E29AB000CE199 /* RoundButton.swift */ = {isa = PBXFileReference; fileEncoding = 4; lastKnownFileType = sourcecode.swift; path = RoundButton.swift; sourceTree = "<group>"; };
		6344340E1D6E3088000CE199 /* LoginVC.swift */ = {isa = PBXFileReference; fileEncoding = 4; lastKnownFileType = sourcecode.swift; path = LoginVC.swift; sourceTree = "<group>"; };
		634434111D6E339C000CE199 /* AuthService.swift */ = {isa = PBXFileReference; fileEncoding = 4; lastKnownFileType = sourcecode.swift; path = AuthService.swift; sourceTree = "<group>"; };
		63FA55AE1D6C033F0032D870 /* VRDevChat.app */ = {isa = PBXFileReference; explicitFileType = wrapper.application; includeInIndex = 0; path = VRDevChat.app; sourceTree = BUILT_PRODUCTS_DIR; };
		63FA55B11D6C033F0032D870 /* AppDelegate.swift */ = {isa = PBXFileReference; lastKnownFileType = sourcecode.swift; path = AppDelegate.swift; sourceTree = "<group>"; };
		63FA55B31D6C033F0032D870 /* CameraVC.swift */ = {isa = PBXFileReference; lastKnownFileType = sourcecode.swift; path = CameraVC.swift; sourceTree = "<group>"; };
		63FA55B61D6C033F0032D870 /* Base */ = {isa = PBXFileReference; lastKnownFileType = file.storyboard; name = Base; path = Base.lproj/Main.storyboard; sourceTree = "<group>"; };
		63FA55B81D6C033F0032D870 /* Assets.xcassets */ = {isa = PBXFileReference; lastKnownFileType = folder.assetcatalog; path = Assets.xcassets; sourceTree = "<group>"; };
		63FA55BB1D6C033F0032D870 /* Base */ = {isa = PBXFileReference; lastKnownFileType = file.storyboard; name = Base; path = Base.lproj/LaunchScreen.storyboard; sourceTree = "<group>"; };
		63FA55BD1D6C033F0032D870 /* Info.plist */ = {isa = PBXFileReference; lastKnownFileType = text.plist.xml; path = Info.plist; sourceTree = "<group>"; };
		AA704CA8D8CE17BF884A08EA /* Pods_VRDevChat.framework */ = {isa = PBXFileReference; explicitFileType = wrapper.framework; includeInIndex = 0; path = Pods_VRDevChat.framework; sourceTree = BUILT_PRODUCTS_DIR; };
		FE535D1889719ACCA277380C /* Pods-VRDevChat.debug.xcconfig */ = {isa = PBXFileReference; includeInIndex = 1; lastKnownFileType = text.xcconfig; name = "Pods-VRDevChat.debug.xcconfig"; path = "Pods/Target Support Files/Pods-VRDevChat/Pods-VRDevChat.debug.xcconfig"; sourceTree = "<group>"; };
/* End PBXFileReference section */

/* Begin PBXFrameworksBuildPhase section */
		63FA55AB1D6C033F0032D870 /* Frameworks */ = {
			isa = PBXFrameworksBuildPhase;
			buildActionMask = 2147483647;
			files = (
				5E6E862A0E49FF418E953698 /* Pods_VRDevChat.framework in Frameworks */,
			);
			runOnlyForDeploymentPostprocessing = 0;
		};
/* End PBXFrameworksBuildPhase section */

/* Begin PBXGroup section */
		4046CB26B12B8F63C7D0AB7C /* Pods */ = {
			isa = PBXGroup;
			children = (
				FE535D1889719ACCA277380C /* Pods-VRDevChat.debug.xcconfig */,
				1A304CBE9756B74363AFAA57 /* Pods-VRDevChat.release.xcconfig */,
			);
			name = Pods;
			sourceTree = "<group>";
		};
		6305DBF71D6C06080043F7EA /* View */ = {
			isa = PBXGroup;
			children = (
				6305DBF11D6C06000043F7EA /* AAPLPreviewView.h */,
				6305DBF21D6C06000043F7EA /* AAPLPreviewView.m */,
				6344340A1D6E25B8000CE199 /* RoundTextField.swift */,
				6344340C1D6E29AB000CE199 /* RoundButton.swift */,
			);
			name = View;
			sourceTree = "<group>";
		};
		6305DBF81D6C060D0043F7EA /* Controller */ = {
			isa = PBXGroup;
			children = (
				6305DBF31D6C06000043F7EA /* AAPLCameraViewController.h */,
				6305DBF41D6C06000043F7EA /* AAPLCameraViewController.m */,
				63FA55B31D6C033F0032D870 /* CameraVC.swift */,
				6344340E1D6E3088000CE199 /* LoginVC.swift */,
			);
			name = Controller;
			sourceTree = "<group>";
		};
		6305DBF91D6C1B5B0043F7EA /* Protocols */ = {
			isa = PBXGroup;
			children = (
				6305DBFC1D6C1C3D0043F7EA /* AAPLCameraVCDelegate.h */,
			);
			name = Protocols;
			sourceTree = "<group>";
		};
		634434091D6E2296000CE199 /* Supporting Files */ = {
			isa = PBXGroup;
			children = (
				63FA55B11D6C033F0032D870 /* AppDelegate.swift */,
				63FA55B81D6C033F0032D870 /* Assets.xcassets */,
				63FA55BA1D6C033F0032D870 /* LaunchScreen.storyboard */,
				63FA55BD1D6C033F0032D870 /* Info.plist */,
				634434071D6E1F0B000CE199 /* GoogleService-Info.plist */,
				6305DBF01D6C06000043F7EA /* VRDevChat-Bridging-Header.h */,
			);
			name = "Supporting Files";
			sourceTree = "<group>";
		};
		634434101D6E338B000CE199 /* Services */ = {
			isa = PBXGroup;
			children = (
				634434111D6E339C000CE199 /* AuthService.swift */,
			);
			name = Services;
			sourceTree = "<group>";
		};
		63FA55A51D6C033E0032D870 = {
			isa = PBXGroup;
			children = (
				63FA55B01D6C033F0032D870 /* VRDevChat */,
				63FA55AF1D6C033F0032D870 /* Products */,
				4046CB26B12B8F63C7D0AB7C /* Pods */,
				AF9760FE5357BCFC77FE94D8 /* Frameworks */,
			);
			sourceTree = "<group>";
		};
		63FA55AF1D6C033F0032D870 /* Products */ = {
			isa = PBXGroup;
			children = (
				63FA55AE1D6C033F0032D870 /* VRDevChat.app */,
			);
			name = Products;
			sourceTree = "<group>";
		};
		63FA55B01D6C033F0032D870 /* VRDevChat */ = {
			isa = PBXGroup;
			children = (
				634434101D6E338B000CE199 /* Services */,
				634434091D6E2296000CE199 /* Supporting Files */,
				6305DBF91D6C1B5B0043F7EA /* Protocols */,
				6305DBF81D6C060D0043F7EA /* Controller */,
				6305DBF71D6C06080043F7EA /* View */,
				63FA55B51D6C033F0032D870 /* Main.storyboard */,
			);
			path = VRDevChat;
			sourceTree = "<group>";
		};
		AF9760FE5357BCFC77FE94D8 /* Frameworks */ = {
			isa = PBXGroup;
			children = (
				AA704CA8D8CE17BF884A08EA /* Pods_VRDevChat.framework */,
			);
			name = Frameworks;
			sourceTree = "<group>";
		};
/* End PBXGroup section */

/* Begin PBXNativeTarget section */
		63FA55AD1D6C033F0032D870 /* VRDevChat */ = {
			isa = PBXNativeTarget;
			buildConfigurationList = 63FA55C01D6C033F0032D870 /* Build configuration list for PBXNativeTarget "VRDevChat" */;
			buildPhases = (
				EAC01A7AA0C908198BC528BB /* Check Pods Manifest.lock */,
				63FA55AA1D6C033F0032D870 /* Sources */,
				63FA55AB1D6C033F0032D870 /* Frameworks */,
				63FA55AC1D6C033F0032D870 /* Resources */,
				12E44CED6D6861D224B9DD6E /* Embed Pods Frameworks */,
				36FD23C0402B9C756D6DD4AE /* Copy Pods Resources */,
			);
			buildRules = (
			);
			dependencies = (
			);
			name = VRDevChat;
			productName = VRDevChat;
			productReference = 63FA55AE1D6C033F0032D870 /* VRDevChat.app */;
			productType = "com.apple.product-type.application";
		};
/* End PBXNativeTarget section */

/* Begin PBXProject section */
		63FA55A61D6C033E0032D870 /* Project object */ = {
			isa = PBXProject;
			attributes = {
				LastSwiftUpdateCheck = 0800;
				LastUpgradeCheck = 0800;
				ORGANIZATIONNAME = "Volodymyr Romanov";
				TargetAttributes = {
					63FA55AD1D6C033F0032D870 = {
						CreatedOnToolsVersion = 8.0;
						DevelopmentTeam = 6A69PZY62Z;
						LastSwiftMigration = 0800;
						ProvisioningStyle = Automatic;
					};
				};
			};
			buildConfigurationList = 63FA55A91D6C033E0032D870 /* Build configuration list for PBXProject "VRDevChat" */;
			compatibilityVersion = "Xcode 3.2";
			developmentRegion = English;
			hasScannedForEncodings = 0;
			knownRegions = (
				en,
				Base,
			);
			mainGroup = 63FA55A51D6C033E0032D870;
			productRefGroup = 63FA55AF1D6C033F0032D870 /* Products */;
			projectDirPath = "";
			projectRoot = "";
			targets = (
				63FA55AD1D6C033F0032D870 /* VRDevChat */,
			);
		};
/* End PBXProject section */

/* Begin PBXResourcesBuildPhase section */
		63FA55AC1D6C033F0032D870 /* Resources */ = {
			isa = PBXResourcesBuildPhase;
			buildActionMask = 2147483647;
			files = (
				63FA55BC1D6C033F0032D870 /* LaunchScreen.storyboard in Resources */,
				634434081D6E1F0B000CE199 /* GoogleService-Info.plist in Resources */,
				63FA55B91D6C033F0032D870 /* Assets.xcassets in Resources */,
				63FA55B71D6C033F0032D870 /* Main.storyboard in Resources */,
			);
			runOnlyForDeploymentPostprocessing = 0;
		};
/* End PBXResourcesBuildPhase section */

/* Begin PBXShellScriptBuildPhase section */
		12E44CED6D6861D224B9DD6E /* Embed Pods Frameworks */ = {
			isa = PBXShellScriptBuildPhase;
			buildActionMask = 2147483647;
			files = (
			);
			inputPaths = (
			);
			name = "Embed Pods Frameworks";
			outputPaths = (
			);
			runOnlyForDeploymentPostprocessing = 0;
			shellPath = /bin/sh;
			shellScript = "\"${SRCROOT}/Pods/Target Support Files/Pods-VRDevChat/Pods-VRDevChat-frameworks.sh\"\n";
			showEnvVarsInLog = 0;
		};
		36FD23C0402B9C756D6DD4AE /* Copy Pods Resources */ = {
			isa = PBXShellScriptBuildPhase;
			buildActionMask = 2147483647;
			files = (
			);
			inputPaths = (
			);
			name = "Copy Pods Resources";
			outputPaths = (
			);
			runOnlyForDeploymentPostprocessing = 0;
			shellPath = /bin/sh;
			shellScript = "\"${SRCROOT}/Pods/Target Support Files/Pods-VRDevChat/Pods-VRDevChat-resources.sh\"\n";
			showEnvVarsInLog = 0;
		};
		EAC01A7AA0C908198BC528BB /* Check Pods Manifest.lock */ = {
			isa = PBXShellScriptBuildPhase;
			buildActionMask = 2147483647;
			files = (
			);
			inputPaths = (
			);
			name = "Check Pods Manifest.lock";
			outputPaths = (
			);
			runOnlyForDeploymentPostprocessing = 0;
			shellPath = /bin/sh;
			shellScript = "diff \"${PODS_ROOT}/../Podfile.lock\" \"${PODS_ROOT}/Manifest.lock\" > /dev/null\nif [[ $? != 0 ]] ; then\n    cat << EOM\nerror: The sandbox is not in sync with the Podfile.lock. Run 'pod install' or update your CocoaPods installation.\nEOM\n    exit 1\nfi\n";
			showEnvVarsInLog = 0;
		};
/* End PBXShellScriptBuildPhase section */

/* Begin PBXSourcesBuildPhase section */
		63FA55AA1D6C033F0032D870 /* Sources */ = {
			isa = PBXSourcesBuildPhase;
			buildActionMask = 2147483647;
			files = (
				6344340D1D6E29AB000CE199 /* RoundButton.swift in Sources */,
				634434121D6E339C000CE199 /* AuthService.swift in Sources */,
				63FA55B41D6C033F0032D870 /* CameraVC.swift in Sources */,
				6344340F1D6E3088000CE199 /* LoginVC.swift in Sources */,
				63FA55B21D6C033F0032D870 /* AppDelegate.swift in Sources */,
				6344340B1D6E25B8000CE199 /* RoundTextField.swift in Sources */,
				6305DBF51D6C06000043F7EA /* AAPLPreviewView.m in Sources */,
				6305DBF61D6C06000043F7EA /* AAPLCameraViewController.m in Sources */,
			);
			runOnlyForDeploymentPostprocessing = 0;
		};
/* End PBXSourcesBuildPhase section */

/* Begin PBXVariantGroup section */
		63FA55B51D6C033F0032D870 /* Main.storyboard */ = {
			isa = PBXVariantGroup;
			children = (
				63FA55B61D6C033F0032D870 /* Base */,
			);
			name = Main.storyboard;
			sourceTree = "<group>";
		};
		63FA55BA1D6C033F0032D870 /* LaunchScreen.storyboard */ = {
			isa = PBXVariantGroup;
			children = (
				63FA55BB1D6C033F0032D870 /* Base */,
			);
			name = LaunchScreen.storyboard;
			sourceTree = "<group>";
		};
/* End PBXVariantGroup section */

/* Begin XCBuildConfiguration section */
		63FA55BE1D6C033F0032D870 /* Debug */ = {
			isa = XCBuildConfiguration;
			buildSettings = {
				ALWAYS_SEARCH_USER_PATHS = NO;
				CLANG_ANALYZER_NONNULL = YES;
				CLANG_CXX_LANGUAGE_STANDARD = "gnu++0x";
				CLANG_CXX_LIBRARY = "libc++";
				CLANG_ENABLE_MODULES = YES;
				CLANG_ENABLE_OBJC_ARC = YES;
				CLANG_WARN_BOOL_CONVERSION = YES;
				CLANG_WARN_CONSTANT_CONVERSION = YES;
				CLANG_WARN_DIRECT_OBJC_ISA_USAGE = YES_ERROR;
				CLANG_WARN_DOCUMENTATION_COMMENTS = YES;
				CLANG_WARN_EMPTY_BODY = YES;
				CLANG_WARN_ENUM_CONVERSION = YES;
				CLANG_WARN_INFINITE_RECURSION = YES;
				CLANG_WARN_INT_CONVERSION = YES;
				CLANG_WARN_OBJC_ROOT_CLASS = YES_ERROR;
				CLANG_WARN_SUSPICIOUS_MOVES = YES;
				CLANG_WARN_UNREACHABLE_CODE = YES;
				CLANG_WARN__DUPLICATE_METHOD_MATCH = YES;
				"CODE_SIGN_IDENTITY[sdk=iphoneos*]" = "iPhone Developer";
				COPY_PHASE_STRIP = NO;
				DEBUG_INFORMATION_FORMAT = dwarf;
				ENABLE_STRICT_OBJC_MSGSEND = YES;
				ENABLE_TESTABILITY = YES;
				GCC_C_LANGUAGE_STANDARD = gnu99;
				GCC_DYNAMIC_NO_PIC = NO;
				GCC_NO_COMMON_BLOCKS = YES;
				GCC_OPTIMIZATION_LEVEL = 0;
				GCC_PREPROCESSOR_DEFINITIONS = (
					"DEBUG=1",
					"$(inherited)",
				);
				GCC_WARN_64_TO_32_BIT_CONVERSION = YES;
				GCC_WARN_ABOUT_RETURN_TYPE = YES_ERROR;
				GCC_WARN_UNDECLARED_SELECTOR = YES;
				GCC_WARN_UNINITIALIZED_AUTOS = YES_AGGRESSIVE;
				GCC_WARN_UNUSED_FUNCTION = YES;
				GCC_WARN_UNUSED_VARIABLE = YES;
				IPHONEOS_DEPLOYMENT_TARGET = 10.0;
				MTL_ENABLE_DEBUG_INFO = YES;
				ONLY_ACTIVE_ARCH = YES;
				SDKROOT = iphoneos;
				SWIFT_ACTIVE_COMPILATION_CONDITIONS = DEBUG;
				SWIFT_OPTIMIZATION_LEVEL = "-Onone";
				TARGETED_DEVICE_FAMILY = "1,2";
			};
			name = Debug;
		};
		63FA55BF1D6C033F0032D870 /* Release */ = {
			isa = XCBuildConfiguration;
			buildSettings = {
				ALWAYS_SEARCH_USER_PATHS = NO;
				CLANG_ANALYZER_NONNULL = YES;
				CLANG_CXX_LANGUAGE_STANDARD = "gnu++0x";
				CLANG_CXX_LIBRARY = "libc++";
				CLANG_ENABLE_MODULES = YES;
				CLANG_ENABLE_OBJC_ARC = YES;
				CLANG_WARN_BOOL_CONVERSION = YES;
				CLANG_WARN_CONSTANT_CONVERSION = YES;
				CLANG_WARN_DIRECT_OBJC_ISA_USAGE = YES_ERROR;
				CLANG_WARN_DOCUMENTATION_COMMENTS = YES;
				CLANG_WARN_EMPTY_BODY = YES;
				CLANG_WARN_ENUM_CONVERSION = YES;
				CLANG_WARN_INFINITE_RECURSION = YES;
				CLANG_WARN_INT_CONVERSION = YES;
				CLANG_WARN_OBJC_ROOT_CLASS = YES_ERROR;
				CLANG_WARN_SUSPICIOUS_MOVES = YES;
				CLANG_WARN_UNREACHABLE_CODE = YES;
				CLANG_WARN__DUPLICATE_METHOD_MATCH = YES;
				"CODE_SIGN_IDENTITY[sdk=iphoneos*]" = "iPhone Developer";
				COPY_PHASE_STRIP = NO;
				DEBUG_INFORMATION_FORMAT = "dwarf-with-dsym";
				ENABLE_NS_ASSERTIONS = NO;
				ENABLE_STRICT_OBJC_MSGSEND = YES;
				GCC_C_LANGUAGE_STANDARD = gnu99;
				GCC_NO_COMMON_BLOCKS = YES;
				GCC_WARN_64_TO_32_BIT_CONVERSION = YES;
				GCC_WARN_ABOUT_RETURN_TYPE = YES_ERROR;
				GCC_WARN_UNDECLARED_SELECTOR = YES;
				GCC_WARN_UNINITIALIZED_AUTOS = YES_AGGRESSIVE;
				GCC_WARN_UNUSED_FUNCTION = YES;
				GCC_WARN_UNUSED_VARIABLE = YES;
				IPHONEOS_DEPLOYMENT_TARGET = 10.0;
				MTL_ENABLE_DEBUG_INFO = NO;
				SDKROOT = iphoneos;
				SWIFT_OPTIMIZATION_LEVEL = "-Owholemodule";
				TARGETED_DEVICE_FAMILY = "1,2";
				VALIDATE_PRODUCT = YES;
			};
			name = Release;
		};
		63FA55C11D6C033F0032D870 /* Debug */ = {
			isa = XCBuildConfiguration;
			baseConfigurationReference = FE535D1889719ACCA277380C /* Pods-VRDevChat.debug.xcconfig */;
			buildSettings = {
				ASSETCATALOG_COMPILER_APPICON_NAME = AppIcon;
				CLANG_ENABLE_MODULES = YES;
				DEVELOPMENT_TEAM = 6A69PZY62Z;
				INFOPLIST_FILE = VRDevChat/Info.plist;
				IPHONEOS_DEPLOYMENT_TARGET = 9.0;
				LD_RUNPATH_SEARCH_PATHS = "$(inherited) @executable_path/Frameworks";
				PRODUCT_BUNDLE_IDENTIFIER = com.vromanov.VRDevChat;
				PRODUCT_NAME = "$(TARGET_NAME)";
				SWIFT_OBJC_BRIDGING_HEADER = "VRDevChat/VRDevChat-Bridging-Header.h";
				SWIFT_OPTIMIZATION_LEVEL = "-Onone";
				SWIFT_VERSION = 3.0;
			};
			name = Debug;
		};
		63FA55C21D6C033F0032D870 /* Release */ = {
			isa = XCBuildConfiguration;
			baseConfigurationReference = 1A304CBE9756B74363AFAA57 /* Pods-VRDevChat.release.xcconfig */;
			buildSettings = {
				ASSETCATALOG_COMPILER_APPICON_NAME = AppIcon;
				CLANG_ENABLE_MODULES = YES;
				DEVELOPMENT_TEAM = 6A69PZY62Z;
				INFOPLIST_FILE = VRDevChat/Info.plist;
				IPHONEOS_DEPLOYMENT_TARGET = 9.0;
				LD_RUNPATH_SEARCH_PATHS = "$(inherited) @executable_path/Frameworks";
				PRODUCT_BUNDLE_IDENTIFIER = com.vromanov.VRDevChat;
				PRODUCT_NAME = "$(TARGET_NAME)";
				SWIFT_OBJC_BRIDGING_HEADER = "VRDevChat/VRDevChat-Bridging-Header.h";
				SWIFT_VERSION = 3.0;
			};
			name = Release;
		};
/* End XCBuildConfiguration section */

/* Begin XCConfigurationList section */
		63FA55A91D6C033E0032D870 /* Build configuration list for PBXProject "VRDevChat" */ = {
			isa = XCConfigurationList;
			buildConfigurations = (
				63FA55BE1D6C033F0032D870 /* Debug */,
				63FA55BF1D6C033F0032D870 /* Release */,
			);
			defaultConfigurationIsVisible = 0;
			defaultConfigurationName = Release;
		};
		63FA55C01D6C033F0032D870 /* Build configuration list for PBXNativeTarget "VRDevChat" */ = {
			isa = XCConfigurationList;
			buildConfigurations = (
				63FA55C11D6C033F0032D870 /* Debug */,
				63FA55C21D6C033F0032D870 /* Release */,
			);
			defaultConfigurationIsVisible = 0;
			defaultConfigurationName = Release;
		};
/* End XCConfigurationList section */
	};
	rootObject = 63FA55A61D6C033E0032D870 /* Project object */;
}
